Microsoft Visual Studio Solution File, Format Version 12.00
# Visual Studio Version 17
VisualStudioVersion = 17.5.2.0
MinimumVisualStudioVersion = 10.0.40219.1
Project("{FAE04EC0-301F-11D3-BF4B-00C04F79EFBC}") = "HMDev.NodeUI", "src\HMDev.NodeUI.csproj", "{DD6A35A5-E2D6-5AAD-2B09-58F20A3110AA}"
EndProject
Project("{2150E333-8FDC-42A3-9474-1A3956D46DE8}") = "samples", "samples", "{02EA681E-C7D8-13C7-8484-4AC65E1B71E8}"
EndProject
Project("{FAE04EC0-301F-11D3-BF4B-00C04F79EFBC}") = "progress-list", "samples\progress-list\progress-list.csproj", "{5E2C31A3-794E-3661-30B1-DD71364E6479}"
EndProject
Global
	GlobalSection(SolutionConfigurationPlatforms) = preSolution
		Debug|Any CPU = Debug|Any CPU
		Release|Any CPU = Release|Any CPU
	EndGlobalSection
	GlobalSection(ProjectConfigurationPlatforms) = postSolution
		{DD6A35A5-E2D6-5AAD-2B09-58F20A3110AA}.Debug|Any CPU.ActiveCfg = Debug|Any CPU
		{DD6A35A5-E2D6-5AAD-2B09-58F20A3110AA}.Debug|Any CPU.Build.0 = Debug|Any CPU
		{DD6A35A5-E2D6-5AAD-2B09-58F20A3110AA}.Release|Any CPU.ActiveCfg = Release|Any CPU
		{DD6A35A5-E2D6-5AAD-2B09-58F20A3110AA}.Release|Any CPU.Build.0 = Release|Any CPU
		{5E2C31A3-794E-3661-30B1-DD71364E6479}.Debug|Any CPU.ActiveCfg = Debug|Any CPU
		{5E2C31A3-794E-3661-30B1-DD71364E6479}.Debug|Any CPU.Build.0 = Debug|Any CPU
		{5E2C31A3-794E-3661-30B1-DD71364E6479}.Release|Any CPU.ActiveCfg = Release|Any CPU
		{5E2C31A3-794E-3661-30B1-DD71364E6479}.Release|Any CPU.Build.0 = Release|Any CPU
	EndGlobalSection
	GlobalSection(SolutionProperties) = preSolution
		HideSolutionNode = FALSE
	EndGlobalSection
	GlobalSection(NestedProjects) = preSolution
		{5E2C31A3-794E-3661-30B1-DD71364E6479} = {02EA681E-C7D8-13C7-8484-4AC65E1B71E8}
	EndGlobalSection
	GlobalSection(ExtensibilityGlobals) = postSolution
		SolutionGuid = {FD196F81-10B2-4208-8C44-B0A4E98A0F7B}
	EndGlobalSection
EndGlobal
